
Microsoft Visual Studio Solution File, Format Version 12.00
# Visual Studio 14
VisualStudioVersion = 14.0.25420.1
MinimumVisualStudioVersion = 10.0.40219.1
Project("{FAE04EC0-301F-11D3-BF4B-00C04F79EFBC}") = "ExternalSorting.ConsoleApp", "ExternalSorting.ConsoleApp\ExternalSorting.ConsoleApp.csproj", "{BC7501DE-04FE-43D8-9898-DF0F86CB51ED}"
EndProject
Project("{FAE04EC0-301F-11D3-BF4B-00C04F79EFBC}") = "ExternalSorting", "ExternalSorting\ExternalSorting.csproj", "{5C01A7F1-FF95-4015-9DDC-5E61B06027CB}"
EndProject
Global
	GlobalSection(SolutionConfigurationPlatforms) = preSolution
		Debug|Any CPU = Debug|Any CPU
		Release|Any CPU = Release|Any CPU
	EndGlobalSection
	GlobalSection(ProjectConfigurationPlatforms) = postSolution
		{BC7501DE-04FE-43D8-9898-DF0F86CB51ED}.Debug|Any CPU.ActiveCfg = Debug|Any CPU
		{BC7501DE-04FE-43D8-9898-DF0F86CB51ED}.Debug|Any CPU.Build.0 = Debug|Any CPU
		{BC7501DE-04FE-43D8-9898-DF0F86CB51ED}.Release|Any CPU.ActiveCfg = Release|Any CPU
		{BC7501DE-04FE-43D8-9898-DF0F86CB51ED}.Release|Any CPU.Build.0 = Release|Any CPU
		{5C01A7F1-FF95-4015-9DDC-5E61B06027CB}.Debug|Any CPU.ActiveCfg = Debug|Any CPU
		{5C01A7F1-FF95-4015-9DDC-5E61B06027CB}.Debug|Any CPU.Build.0 = Debug|Any CPU
		{5C01A7F1-FF95-4015-9DDC-5E61B06027CB}.Release|Any CPU.ActiveCfg = Release|Any CPU
		{5C01A7F1-FF95-4015-9DDC-5E61B06027CB}.Release|Any CPU.Build.0 = Release|Any CPU
	EndGlobalSection
	GlobalSection(SolutionProperties) = preSolution
		HideSolutionNode = FALSE
	EndGlobalSection
EndGlobal
